
Microsoft Visual Studio Solution File, Format Version 12.00
# Visual Studio Version 17
VisualStudioVersion = 17.4.33110.190
MinimumVisualStudioVersion = 10.0.40219.1
Project("{FAE04EC0-301F-11D3-BF4B-00C04F79EFBC}") = "LOGIN", "LOGIN\LOGIN.csproj", "{37940BB7-6BA7-4D0F-BF22-B1E14D5E49B5}"
EndProject
Global
	GlobalSection(SolutionConfigurationPlatforms) = preSolution
		Debug|Any CPU = Debug|Any CPU
		Release|Any CPU = Release|Any CPU
	EndGlobalSection
	GlobalSection(ProjectConfigurationPlatforms) = postSolution
		{37940BB7-6BA7-4D0F-BF22-B1E14D5E49B5}.Debug|Any CPU.ActiveCfg = Debug|Any CPU
		{37940BB7-6BA7-4D0F-BF22-B1E14D5E49B5}.Debug|Any CPU.Build.0 = Debug|Any CPU
		{37940BB7-6BA7-4D0F-BF22-B1E14D5E49B5}.Release|Any CPU.ActiveCfg = Release|Any CPU
		{37940BB7-6BA7-4D0F-BF22-B1E14D5E49B5}.Release|Any CPU.Build.0 = Release|Any CPU
	EndGlobalSection
	GlobalSection(SolutionProperties) = preSolution
		HideSolutionNode = FALSE
	EndGlobalSection
	GlobalSection(ExtensibilityGlobals) = postSolution
		SolutionGuid = {6BD98686-389A-4C4B-A1B6-9D5D5DCCC16D}
	EndGlobalSection
EndGlobal
